
Microsoft Visual Studio Solution File, Format Version 12.00
# Visual Studio 2012
Project("{F184B08F-C81C-45F6-A57F-5ABD9991F28F}") = "MvcApplication1", "MvcApplication1\MvcApplication1.vbproj", "{2F411B9C-BD8D-44EC-9C13-43FD7CC77D1A}"
EndProject
Global
	GlobalSection(SolutionConfigurationPlatforms) = preSolution
		Debug|Any CPU = Debug|Any CPU
		Release|Any CPU = Release|Any CPU
	EndGlobalSection
	GlobalSection(ProjectConfigurationPlatforms) = postSolution
		{2F411B9C-BD8D-44EC-9C13-43FD7CC77D1A}.Debug|Any CPU.ActiveCfg = Debug|Any CPU
		{2F411B9C-BD8D-44EC-9C13-43FD7CC77D1A}.Debug|Any CPU.Build.0 = Debug|Any CPU
		{2F411B9C-BD8D-44EC-9C13-43FD7CC77D1A}.Release|Any CPU.ActiveCfg = Release|Any CPU
		{2F411B9C-BD8D-44EC-9C13-43FD7CC77D1A}.Release|Any CPU.Build.0 = Release|Any CPU
	EndGlobalSection
	GlobalSection(SolutionProperties) = preSolution
		HideSolutionNode = FALSE
	EndGlobalSection
EndGlobal
